
Microsoft Visual Studio Solution File, Format Version 12.00
# Visual Studio Version 16
VisualStudioVersion = 16.0.30114.105
MinimumVisualStudioVersion = 10.0.40219.1
Project("{FAE04EC0-301F-11D3-BF4B-00C04F79EFBC}") = "Api", "Api\Api.csproj", "{11205AAB-DCF5-42D6-A3CD-31964B8F5998}"
EndProject
Project("{FAE04EC0-301F-11D3-BF4B-00C04F79EFBC}") = "Test", "Test\Test.csproj", "{B2ACDF93-6B33-4503-82E5-05268ED9F4F4}"
EndProject
Global
	GlobalSection(SolutionConfigurationPlatforms) = preSolution
		Debug|Any CPU = Debug|Any CPU
		Release|Any CPU = Release|Any CPU
	EndGlobalSection
	GlobalSection(SolutionProperties) = preSolution
		HideSolutionNode = FALSE
	EndGlobalSection
	GlobalSection(ProjectConfigurationPlatforms) = postSolution
		{11205AAB-DCF5-42D6-A3CD-31964B8F5998}.Debug|Any CPU.ActiveCfg = Debug|Any CPU
		{11205AAB-DCF5-42D6-A3CD-31964B8F5998}.Debug|Any CPU.Build.0 = Debug|Any CPU
		{11205AAB-DCF5-42D6-A3CD-31964B8F5998}.Release|Any CPU.ActiveCfg = Release|Any CPU
		{11205AAB-DCF5-42D6-A3CD-31964B8F5998}.Release|Any CPU.Build.0 = Release|Any CPU
		{B2ACDF93-6B33-4503-82E5-05268ED9F4F4}.Debug|Any CPU.ActiveCfg = Debug|Any CPU
		{B2ACDF93-6B33-4503-82E5-05268ED9F4F4}.Debug|Any CPU.Build.0 = Debug|Any CPU
		{B2ACDF93-6B33-4503-82E5-05268ED9F4F4}.Release|Any CPU.ActiveCfg = Release|Any CPU
		{B2ACDF93-6B33-4503-82E5-05268ED9F4F4}.Release|Any CPU.Build.0 = Release|Any CPU
	EndGlobalSection
EndGlobal
